// !$*UTF8*$!
{
	archiveVersion = 1;
	classes = {
	};
	objectVersion = 50;
	objects = {

/* Begin PBXBuildFile section */
		33C69AD725276B1D000FDB28 /* AppDelegate.swift in Sources */ = {isa = PBXBuildFile; fileRef = 33C69AD625276B1D000FDB28 /* AppDelegate.swift */; };
		33C69AD925276B1D000FDB28 /* SceneDelegate.swift in Sources */ = {isa = PBXBuildFile; fileRef = 33C69AD825276B1D000FDB28 /* SceneDelegate.swift */; };
		33C69ADB25276B1D000FDB28 /* ViewController.swift in Sources */ = {isa = PBXBuildFile; fileRef = 33C69ADA25276B1D000FDB28 /* ViewController.swift */; };
		33C69ADE25276B1D000FDB28 /* Main.storyboard in Resources */ = {isa = PBXBuildFile; fileRef = 33C69ADC25276B1D000FDB28 /* Main.storyboard */; };
		33C69AE025276B25000FDB28 /* Assets.xcassets in Resources */ = {isa = PBXBuildFile; fileRef = 33C69ADF25276B25000FDB28 /* Assets.xcassets */; };
		33C69AE325276B25000FDB28 /* LaunchScreen.storyboard in Resources */ = {isa = PBXBuildFile; fileRef = 33C69AE125276B25000FDB28 /* LaunchScreen.storyboard */; };
		33C69AEE25276B25000FDB28 /* Ejercico_Clase_1Tests.swift in Sources */ = {isa = PBXBuildFile; fileRef = 33C69AED25276B25000FDB28 /* Ejercico_Clase_1Tests.swift */; };
		33C69AF925276B25000FDB28 /* Ejercico_Clase_1UITests.swift in Sources */ = {isa = PBXBuildFile; fileRef = 33C69AF825276B25000FDB28 /* Ejercico_Clase_1UITests.swift */; };
/* End PBXBuildFile section */

/* Begin PBXContainerItemProxy section */
		33C69AEA25276B25000FDB28 /* PBXContainerItemProxy */ = {
			isa = PBXContainerItemProxy;
			containerPortal = 33C69ACB25276B1D000FDB28 /* Project object */;
			proxyType = 1;
			remoteGlobalIDString = 33C69AD225276B1D000FDB28;
			remoteInfo = Ejercico_Clase_1;
		};
		33C69AF525276B25000FDB28 /* PBXContainerItemProxy */ = {
			isa = PBXContainerItemProxy;
			containerPortal = 33C69ACB25276B1D000FDB28 /* Project object */;
			proxyType = 1;
			remoteGlobalIDString = 33C69AD225276B1D000FDB28;
			remoteInfo = Ejercico_Clase_1;
		};
/* End PBXContainerItemProxy section */

/* Begin PBXFileReference section */
		33C69AD325276B1D000FDB28 /* Ejercico_Clase_1.app */ = {isa = PBXFileReference; explicitFileType = wrapper.application; includeInIndex = 0; path = Ejercico_Clase_1.app; sourceTree = BUILT_PRODUCTS_DIR; };
		33C69AD625276B1D000FDB28 /* AppDelegate.swift */ = {isa = PBXFileReference; lastKnownFileType = sourcecode.swift; path = AppDelegate.swift; sourceTree = "<group>"; };
		33C69AD825276B1D000FDB28 /* SceneDelegate.swift */ = {isa = PBXFileReference; lastKnownFileType = sourcecode.swift; path = SceneDelegate.swift; sourceTree = "<group>"; };
		33C69ADA25276B1D000FDB28 /* ViewController.swift */ = {isa = PBXFileReference; lastKnownFileType = sourcecode.swift; path = ViewController.swift; sourceTree = "<group>"; };
		33C69ADD25276B1D000FDB28 /* Base */ = {isa = PBXFileReference; lastKnownFileType = file.storyboard; name = Base; path = Base.lproj/Main.storyboard; sourceTree = "<group>"; };
		33C69ADF25276B25000FDB28 /* Assets.xcassets */ = {isa = PBXFileReference; lastKnownFileType = folder.assetcatalog; path = Assets.xcassets; sourceTree = "<group>"; };
		33C69AE225276B25000FDB28 /* Base */ = {isa = PBXFileReference; lastKnownFileType = file.storyboard; name = Base; path = Base.lproj/LaunchScreen.storyboard; sourceTree = "<group>"; };
		33C69AE425276B25000FDB28 /* Info.plist */ = {isa = PBXFileReference; lastKnownFileType = text.plist.xml; path = Info.plist; sourceTree = "<group>"; };
		33C69AE925276B25000FDB28 /* Ejercico_Clase_1Tests.xctest */ = {isa = PBXFileReference; explicitFileType = wrapper.cfbundle; includeInIndex = 0; path = Ejercico_Clase_1Tests.xctest; sourceTree = BUILT_PRODUCTS_DIR; };
		33C69AED25276B25000FDB28 /* Ejercico_Clase_1Tests.swift */ = {isa = PBXFileReference; lastKnownFileType = sourcecode.swift; path = Ejercico_Clase_1Tests.swift; sourceTree = "<group>"; };
		33C69AEF25276B25000FDB28 /* Info.plist */ = {isa = PBXFileReference; lastKnownFileType = text.plist.xml; path = Info.plist; sourceTree = "<group>"; };
		33C69AF425276B25000FDB28 /* Ejercico_Clase_1UITests.xctest */ = {isa = PBXFileReference; explicitFileType = wrapper.cfbundle; includeInIndex = 0; path = Ejercico_Clase_1UITests.xctest; sourceTree = BUILT_PRODUCTS_DIR; };
		33C69AF825276B25000FDB28 /* Ejercico_Clase_1UITests.swift */ = {isa = PBXFileReference; lastKnownFileType = sourcecode.swift; path = Ejercico_Clase_1UITests.swift; sourceTree = "<group>"; };
		33C69AFA25276B25000FDB28 /* Info.plist */ = {isa = PBXFileReference; lastKnownFileType = text.plist.xml; path = Info.plist; sourceTree = "<group>"; };
/* End PBXFileReference section */

/* Begin PBXFrameworksBuildPhase section */
		33C69AD025276B1D000FDB28 /* Frameworks */ = {
			isa = PBXFrameworksBuildPhase;
			buildActionMask = 2147483647;
			files = (
			);
			runOnlyForDeploymentPostprocessing = 0;
		};
		33C69AE625276B25000FDB28 /* Frameworks */ = {
			isa = PBXFrameworksBuildPhase;
			buildActionMask = 2147483647;
			files = (
			);
			runOnlyForDeploymentPostprocessing = 0;
		};
		33C69AF125276B25000FDB28 /* Frameworks */ = {
			isa = PBXFrameworksBuildPhase;
			buildActionMask = 2147483647;
			files = (
			);
			runOnlyForDeploymentPostprocessing = 0;
		};
/* End PBXFrameworksBuildPhase section */

/* Begin PBXGroup section */
		33C69ACA25276B1D000FDB28 = {
			isa = PBXGroup;
			children = (
				33C69AD525276B1D000FDB28 /* Ejercico_Clase_1 */,
				33C69AEC25276B25000FDB28 /* Ejercico_Clase_1Tests */,
				33C69AF725276B25000FDB28 /* Ejercico_Clase_1UITests */,
				33C69AD425276B1D000FDB28 /* Products */,
			);
			sourceTree = "<group>";
		};
		33C69AD425276B1D000FDB28 /* Products */ = {
			isa = PBXGroup;
			children = (
				33C69AD325276B1D000FDB28 /* Ejercico_Clase_1.app */,
				33C69AE925276B25000FDB28 /* Ejercico_Clase_1Tests.xctest */,
				33C69AF425276B25000FDB28 /* Ejercico_Clase_1UITests.xctest */,
			);
			name = Products;
			sourceTree = "<group>";
		};
		33C69AD525276B1D000FDB28 /* Ejercico_Clase_1 */ = {
			isa = PBXGroup;
			children = (
				33C69AD625276B1D000FDB28 /* AppDelegate.swift */,
				33C69AD825276B1D000FDB28 /* SceneDelegate.swift */,
				33C69ADA25276B1D000FDB28 /* ViewController.swift */,
				33C69ADC25276B1D000FDB28 /* Main.storyboard */,
				33C69ADF25276B25000FDB28 /* Assets.xcassets */,
				33C69AE125276B25000FDB28 /* LaunchScreen.storyboard */,
				33C69AE425276B25000FDB28 /* Info.plist */,
			);
			path = Ejercico_Clase_1;
			sourceTree = "<group>";
		};
		33C69AEC25276B25000FDB28 /* Ejercico_Clase_1Tests */ = {
			isa = PBXGroup;
			children = (
				33C69AED25276B25000FDB28 /* Ejercico_Clase_1Tests.swift */,
				33C69AEF25276B25000FDB28 /* Info.plist */,
			);
			path = Ejercico_Clase_1Tests;
			sourceTree = "<group>";
		};
		33C69AF725276B25000FDB28 /* Ejercico_Clase_1UITests */ = {
			isa = PBXGroup;
			children = (
				33C69AF825276B25000FDB28 /* Ejercico_Clase_1UITests.swift */,
				33C69AFA25276B25000FDB28 /* Info.plist */,
			);
			path = Ejercico_Clase_1UITests;
			sourceTree = "<group>";
		};
/* End PBXGroup section */

/* Begin PBXNativeTarget section */
		33C69AD225276B1D000FDB28 /* Ejercico_Clase_1 */ = {
			isa = PBXNativeTarget;
			buildConfigurationList = 33C69AFD25276B25000FDB28 /* Build configuration list for PBXNativeTarget "Ejercico_Clase_1" */;
			buildPhases = (
				33C69ACF25276B1D000FDB28 /* Sources */,
				33C69AD025276B1D000FDB28 /* Frameworks */,
				33C69AD125276B1D000FDB28 /* Resources */,
			);
			buildRules = (
			);
			dependencies = (
			);
			name = Ejercico_Clase_1;
			productName = Ejercico_Clase_1;
			productReference = 33C69AD325276B1D000FDB28 /* Ejercico_Clase_1.app */;
			productType = "com.apple.product-type.application";
		};
		33C69AE825276B25000FDB28 /* Ejercico_Clase_1Tests */ = {
			isa = PBXNativeTarget;
			buildConfigurationList = 33C69B0025276B25000FDB28 /* Build configuration list for PBXNativeTarget "Ejercico_Clase_1Tests" */;
			buildPhases = (
				33C69AE525276B25000FDB28 /* Sources */,
				33C69AE625276B25000FDB28 /* Frameworks */,
				33C69AE725276B25000FDB28 /* Resources */,
			);
			buildRules = (
			);
			dependencies = (
				33C69AEB25276B25000FDB28 /* PBXTargetDependency */,
			);
			name = Ejercico_Clase_1Tests;
			productName = Ejercico_Clase_1Tests;
			productReference = 33C69AE925276B25000FDB28 /* Ejercico_Clase_1Tests.xctest */;
			productType = "com.apple.product-type.bundle.unit-test";
		};
		33C69AF325276B25000FDB28 /* Ejercico_Clase_1UITests */ = {
			isa = PBXNativeTarget;
			buildConfigurationList = 33C69B0325276B25000FDB28 /* Build configuration list for PBXNativeTarget "Ejercico_Clase_1UITests" */;
			buildPhases = (
				33C69AF025276B25000FDB28 /* Sources */,
				33C69AF125276B25000FDB28 /* Frameworks */,
				33C69AF225276B25000FDB28 /* Resources */,
			);
			buildRules = (
			);
			dependencies = (
				33C69AF625276B25000FDB28 /* PBXTargetDependency */,
			);
			name = Ejercico_Clase_1UITests;
			productName = Ejercico_Clase_1UITests;
			productReference = 33C69AF425276B25000FDB28 /* Ejercico_Clase_1UITests.xctest */;
			productType = "com.apple.product-type.bundle.ui-testing";
		};
/* End PBXNativeTarget section */

/* Begin PBXProject section */
		33C69ACB25276B1D000FDB28 /* Project object */ = {
			isa = PBXProject;
			attributes = {
				LastSwiftUpdateCheck = 1170;
				LastUpgradeCheck = 1170;
				ORGANIZATIONNAME = Apps2t;
				TargetAttributes = {
					33C69AD225276B1D000FDB28 = {
						CreatedOnToolsVersion = 11.7;
					};
					33C69AE825276B25000FDB28 = {
						CreatedOnToolsVersion = 11.7;
						TestTargetID = 33C69AD225276B1D000FDB28;
					};
					33C69AF325276B25000FDB28 = {
						CreatedOnToolsVersion = 11.7;
						TestTargetID = 33C69AD225276B1D000FDB28;
					};
				};
			};
			buildConfigurationList = 33C69ACE25276B1D000FDB28 /* Build configuration list for PBXProject "Ejercico_Clase_1" */;
			compatibilityVersion = "Xcode 9.3";
			developmentRegion = en;
			hasScannedForEncodings = 0;
			knownRegions = (
				en,
				Base,
			);
			mainGroup = 33C69ACA25276B1D000FDB28;
			productRefGroup = 33C69AD425276B1D000FDB28 /* Products */;
			projectDirPath = "";
			projectRoot = "";
			targets = (
				33C69AD225276B1D000FDB28 /* Ejercico_Clase_1 */,
				33C69AE825276B25000FDB28 /* Ejercico_Clase_1Tests */,
				33C69AF325276B25000FDB28 /* Ejercico_Clase_1UITests */,
			);
		};
/* End PBXProject section */

/* Begin PBXResourcesBuildPhase section */
		33C69AD125276B1D000FDB28 /* Resources */ = {
			isa = PBXResourcesBuildPhase;
			buildActionMask = 2147483647;
			files = (
				33C69AE325276B25000FDB28 /* LaunchScreen.storyboard in Resources */,
				33C69AE025276B25000FDB28 /* Assets.xcassets in Resources */,
				33C69ADE25276B1D000FDB28 /* Main.storyboard in Resources */,
			);
			runOnlyForDeploymentPostprocessing = 0;
		};
		33C69AE725276B25000FDB28 /* Resources */ = {
			isa = PBXResourcesBuildPhase;
			buildActionMask = 2147483647;
			files = (
			);
			runOnlyForDeploymentPostprocessing = 0;
		};
		33C69AF225276B25000FDB28 /* Resources */ = {
			isa = PBXResourcesBuildPhase;
			buildActionMask = 2147483647;
			files = (
			);
			runOnlyForDeploymentPostprocessing = 0;
		};
/* End PBXResourcesBuildPhase section */

/* Begin PBXSourcesBuildPhase section */
		33C69ACF25276B1D000FDB28 /* Sources */ = {
			isa = PBXSourcesBuildPhase;
			buildActionMask = 2147483647;
			files = (
				33C69ADB25276B1D000FDB28 /* ViewController.swift in Sources */,
				33C69AD725276B1D000FDB28 /* AppDelegate.swift in Sources */,
				33C69AD925276B1D000FDB28 /* SceneDelegate.swift in Sources */,
			);
			runOnlyForDeploymentPostprocessing = 0;
		};
		33C69AE525276B25000FDB28 /* Sources */ = {
			isa = PBXSourcesBuildPhase;
			buildActionMask = 2147483647;
			files = (
				33C69AEE25276B25000FDB28 /* Ejercico_Clase_1Tests.swift in Sources */,
			);
			runOnlyForDeploymentPostprocessing = 0;
		};
		33C69AF025276B25000FDB28 /* Sources */ = {
			isa = PBXSourcesBuildPhase;
			buildActionMask = 2147483647;
			files = (
				33C69AF925276B25000FDB28 /* Ejercico_Clase_1UITests.swift in Sources */,
			);
			runOnlyForDeploymentPostprocessing = 0;
		};
/* End PBXSourcesBuildPhase section */

/* Begin PBXTargetDependency section */
		33C69AEB25276B25000FDB28 /* PBXTargetDependency */ = {
			isa = PBXTargetDependency;
			target = 33C69AD225276B1D000FDB28 /* Ejercico_Clase_1 */;
			targetProxy = 33C69AEA25276B25000FDB28 /* PBXContainerItemProxy */;
		};
		33C69AF625276B25000FDB28 /* PBXTargetDependency */ = {
			isa = PBXTargetDependency;
			target = 33C69AD225276B1D000FDB28 /* Ejercico_Clase_1 */;
			targetProxy = 33C69AF525276B25000FDB28 /* PBXContainerItemProxy */;
		};
/* End PBXTargetDependency section */

/* Begin PBXVariantGroup section */
		33C69ADC25276B1D000FDB28 /* Main.storyboard */ = {
			isa = PBXVariantGroup;
			children = (
				33C69ADD25276B1D000FDB28 /* Base */,
			);
			name = Main.storyboard;
			sourceTree = "<group>";
		};
		33C69AE125276B25000FDB28 /* LaunchScreen.storyboard */ = {
			isa = PBXVariantGroup;
			children = (
				33C69AE225276B25000FDB28 /* Base */,
			);
			name = LaunchScreen.storyboard;
			sourceTree = "<group>";
		};
/* End PBXVariantGroup section */

/* Begin XCBuildConfiguration section */
		33C69AFB25276B25000FDB28 /* Debug */ = {
			isa = XCBuildConfiguration;
			buildSettings = {
				ALWAYS_SEARCH_USER_PATHS = NO;
				CLANG_ANALYZER_NONNULL = YES;
				CLANG_ANALYZER_NUMBER_OBJECT_CONVERSION = YES_AGGRESSIVE;
				CLANG_CXX_LANGUAGE_STANDARD = "gnu++14";
				CLANG_CXX_LIBRARY = "libc++";
				CLANG_ENABLE_MODULES = YES;
				CLANG_ENABLE_OBJC_ARC = YES;
				CLANG_ENABLE_OBJC_WEAK = YES;
				CLANG_WARN_BLOCK_CAPTURE_AUTORELEASING = YES;
				CLANG_WARN_BOOL_CONVERSION = YES;
				CLANG_WARN_COMMA = YES;
				CLANG_WARN_CONSTANT_CONVERSION = YES;
				CLANG_WARN_DEPRECATED_OBJC_IMPLEMENTATIONS = YES;
				CLANG_WARN_DIRECT_OBJC_ISA_USAGE = YES_ERROR;
				CLANG_WARN_DOCUMENTATION_COMMENTS = YES;
				CLANG_WARN_EMPTY_BODY = YES;
				CLANG_WARN_ENUM_CONVERSION = YES;
				CLANG_WARN_INFINITE_RECURSION = YES;
				CLANG_WARN_INT_CONVERSION = YES;
				CLANG_WARN_NON_LITERAL_NULL_CONVERSION = YES;
				CLANG_WARN_OBJC_IMPLICIT_RETAIN_SELF = YES;
				CLANG_WARN_OBJC_LITERAL_CONVERSION = YES;
				CLANG_WARN_OBJC_ROOT_CLASS = YES_ERROR;
				CLANG_WARN_RANGE_LOOP_ANALYSIS = YES;
				CLANG_WARN_STRICT_PROTOTYPES = YES;
				CLANG_WARN_SUSPICIOUS_MOVE = YES;
				CLANG_WARN_UNGUARDED_AVAILABILITY = YES_AGGRESSIVE;
				CLANG_WARN_UNREACHABLE_CODE = YES;
				CLANG_WARN__DUPLICATE_METHOD_MATCH = YES;
				COPY_PHASE_STRIP = NO;
				DEBUG_INFORMATION_FORMAT = dwarf;
				ENABLE_STRICT_OBJC_MSGSEND = YES;
				ENABLE_TESTABILITY = YES;
				GCC_C_LANGUAGE_STANDARD = gnu11;
				GCC_DYNAMIC_NO_PIC = NO;
				GCC_NO_COMMON_BLOCKS = YES;
				GCC_OPTIMIZATION_LEVEL = 0;
				GCC_PREPROCESSOR_DEFINITIONS = (
					"DEBUG=1",
					"$(inherited)",
				);
				GCC_WARN_64_TO_32_BIT_CONVERSION = YES;
				GCC_WARN_ABOUT_RETURN_TYPE = YES_ERROR;
				GCC_WARN_UNDECLARED_SELECTOR = YES;
				GCC_WARN_UNINITIALIZED_AUTOS = YES_AGGRESSIVE;
				GCC_WARN_UNUSED_FUNCTION = YES;
				GCC_WARN_UNUSED_VARIABLE = YES;
				IPHONEOS_DEPLOYMENT_TARGET = 13.7;
				MTL_ENABLE_DEBUG_INFO = INCLUDE_SOURCE;
				MTL_FAST_MATH = YES;
				ONLY_ACTIVE_ARCH = YES;
				SDKROOT = iphoneos;
				SWIFT_ACTIVE_COMPILATION_CONDITIONS = DEBUG;
				SWIFT_OPTIMIZATION_LEVEL = "-Onone";
			};
			name = Debug;
		};
		33C69AFC25276B25000FDB28 /* Release */ = {
			isa = XCBuildConfiguration;
			buildSettings = {
				ALWAYS_SEARCH_USER_PATHS = NO;
				CLANG_ANALYZER_NONNULL = YES;
				CLANG_ANALYZER_NUMBER_OBJECT_CONVERSION = YES_AGGRESSIVE;
				CLANG_CXX_LANGUAGE_STANDARD = "gnu++14";
				CLANG_CXX_LIBRARY = "libc++";
				CLANG_ENABLE_MODULES = YES;
				CLANG_ENABLE_OBJC_ARC = YES;
				CLANG_ENABLE_OBJC_WEAK = YES;
				CLANG_WARN_BLOCK_CAPTURE_AUTORELEASING = YES;
				CLANG_WARN_BOOL_CONVERSION = YES;
				CLANG_WARN_COMMA = YES;
				CLANG_WARN_CONSTANT_CONVERSION = YES;
				CLANG_WARN_DEPRECATED_OBJC_IMPLEMENTATIONS = YES;
				CLANG_WARN_DIRECT_OBJC_ISA_USAGE = YES_ERROR;
				CLANG_WARN_DOCUMENTATION_COMMENTS = YES;
				CLANG_WARN_EMPTY_BODY = YES;
				CLANG_WARN_ENUM_CONVERSION = YES;
				CLANG_WARN_INFINITE_RECURSION = YES;
				CLANG_WARN_INT_CONVERSION = YES;
				CLANG_WARN_NON_LITERAL_NULL_CONVERSION = YES;
				CLANG_WARN_OBJC_IMPLICIT_RETAIN_SELF = YES;
				CLANG_WARN_OBJC_LITERAL_CONVERSION = YES;
				CLANG_WARN_OBJC_ROOT_CLASS = YES_ERROR;
				CLANG_WARN_RANGE_LOOP_ANALYSIS = YES;
				CLANG_WARN_STRICT_PROTOTYPES = YES;
				CLANG_WARN_SUSPICIOUS_MOVE = YES;
				CLANG_WARN_UNGUARDED_AVAILABILITY = YES_AGGRESSIVE;
				CLANG_WARN_UNREACHABLE_CODE = YES;
				CLANG_WARN__DUPLICATE_METHOD_MATCH = YES;
				COPY_PHASE_STRIP = NO;
				DEBUG_INFORMATION_FORMAT = "dwarf-with-dsym";
				ENABLE_NS_ASSERTIONS = NO;
				ENABLE_STRICT_OBJC_MSGSEND = YES;
				GCC_C_LANGUAGE_STANDARD = gnu11;
				GCC_NO_COMMON_BLOCKS = YES;
				GCC_WARN_64_TO_32_BIT_CONVERSION = YES;
				GCC_WARN_ABOUT_RETURN_TYPE = YES_ERROR;
				GCC_WARN_UNDECLARED_SELECTOR = YES;
				GCC_WARN_UNINITIALIZED_AUTOS = YES_AGGRESSIVE;
				GCC_WARN_UNUSED_FUNCTION = YES;
				GCC_WARN_UNUSED_VARIABLE = YES;
				IPHONEOS_DEPLOYMENT_TARGET = 13.7;
				MTL_ENABLE_DEBUG_INFO = NO;
				MTL_FAST_MATH = YES;
				SDKROOT = iphoneos;
				SWIFT_COMPILATION_MODE = wholemodule;
				SWIFT_OPTIMIZATION_LEVEL = "-O";
				VALIDATE_PRODUCT = YES;
			};
			name = Release;
		};
		33C69AFE25276B25000FDB28 /* Debug */ = {
			isa = XCBuildConfiguration;
			buildSettings = {
				ASSETCATALOG_COMPILER_APPICON_NAME = AppIcon;
				CODE_SIGN_STYLE = Automatic;
				INFOPLIST_FILE = Ejercico_Clase_1/Info.plist;
				LD_RUNPATH_SEARCH_PATHS = (
					"$(inherited)",
					"@executable_path/Frameworks",
				);
				PRODUCT_BUNDLE_IDENTIFIER = "CEV.Ejercico-Clase-1";
				PRODUCT_NAME = "$(TARGET_NAME)";
				SWIFT_VERSION = 5.0;
				TARGETED_DEVICE_FAMILY = "1,2";
			};
			name = Debug;
		};
		33C69AFF25276B25000FDB28 /* Release */ = {
			isa = XCBuildConfiguration;
			buildSettings = {
				ASSETCATALOG_COMPILER_APPICON_NAME = AppIcon;
				CODE_SIGN_STYLE = Automatic;
				INFOPLIST_FILE = Ejercico_Clase_1/Info.plist;
				LD_RUNPATH_SEARCH_PATHS = (
					"$(inherited)",
					"@executable_path/Frameworks",
				);
				PRODUCT_BUNDLE_IDENTIFIER = "CEV.Ejercico-Clase-1";
				PRODUCT_NAME = "$(TARGET_NAME)";
				SWIFT_VERSION = 5.0;
				TARGETED_DEVICE_FAMILY = "1,2";
			};
			name = Release;
		};
		33C69B0125276B25000FDB28 /* Debug */ = {
			isa = XCBuildConfiguration;
			buildSettings = {
				ALWAYS_EMBED_SWIFT_STANDARD_LIBRARIES = YES;
				BUNDLE_LOADER = "$(TEST_HOST)";
				CODE_SIGN_STYLE = Automatic;
				INFOPLIST_FILE = Ejercico_Clase_1Tests/Info.plist;
				IPHONEOS_DEPLOYMENT_TARGET = 13.7;
				LD_RUNPATH_SEARCH_PATHS = (
					"$(inherited)",
					"@executable_path/Frameworks",
					"@loader_path/Frameworks",
				);
				PRODUCT_BUNDLE_IDENTIFIER = "CEV.Ejercico-Clase-1Tests";
				PRODUCT_NAME = "$(TARGET_NAME)";
				SWIFT_VERSION = 5.0;
				TARGETED_DEVICE_FAMILY = "1,2";
				TEST_HOST = "$(BUILT_PRODUCTS_DIR)/Ejercico_Clase_1.app/Ejercico_Clase_1";
			};
			name = Debug;
		};
		33C69B0225276B25000FDB28 /* Release */ = {
			isa = XCBuildConfiguration;
			buildSettings = {
				ALWAYS_EMBED_SWIFT_STANDARD_LIBRARIES = YES;
				BUNDLE_LOADER = "$(TEST_HOST)";
				CODE_SIGN_STYLE = Automatic;
				INFOPLIST_FILE = Ejercico_Clase_1Tests/Info.plist;
				IPHONEOS_DEPLOYMENT_TARGET = 13.7;
				LD_RUNPATH_SEARCH_PATHS = (
					"$(inherited)",
					"@executable_path/Frameworks",
					"@loader_path/Frameworks",
				);
				PRODUCT_BUNDLE_IDENTIFIER = "CEV.Ejercico-Clase-1Tests";
				PRODUCT_NAME = "$(TARGET_NAME)";
				SWIFT_VERSION = 5.0;
				TARGETED_DEVICE_FAMILY = "1,2";
				TEST_HOST = "$(BUILT_PRODUCTS_DIR)/Ejercico_Clase_1.app/Ejercico_Clase_1";
			};
			name = Release;
		};
		33C69B0425276B25000FDB28 /* Debug */ = {
			isa = XCBuildConfiguration;
			buildSettings = {
				ALWAYS_EMBED_SWIFT_STANDARD_LIBRARIES = YES;
				CODE_SIGN_STYLE = Automatic;
				INFOPLIST_FILE = Ejercico_Clase_1UITests/Info.plist;
				LD_RUNPATH_SEARCH_PATHS = (
					"$(inherited)",
					"@executable_path/Frameworks",
					"@loader_path/Frameworks",
				);
				PRODUCT_BUNDLE_IDENTIFIER = "CEV.Ejercico-Clase-1UITests";
				PRODUCT_NAME = "$(TARGET_NAME)";
				SWIFT_VERSION = 5.0;
				TARGETED_DEVICE_FAMILY = "1,2";
				TEST_TARGET_NAME = Ejercico_Clase_1;
			};
			name = Debug;
		};
		33C69B0525276B25000FDB28 /* Release */ = {
			isa = XCBuildConfiguration;
			buildSettings = {
				ALWAYS_EMBED_SWIFT_STANDARD_LIBRARIES = YES;
				CODE_SIGN_STYLE = Automatic;
				INFOPLIST_FILE = Ejercico_Clase_1UITests/Info.plist;
				LD_RUNPATH_SEARCH_PATHS = (
					"$(inherited)",
					"@executable_path/Frameworks",
					"@loader_path/Frameworks",
				);
				PRODUCT_BUNDLE_IDENTIFIER = "CEV.Ejercico-Clase-1UITests";
				PRODUCT_NAME = "$(TARGET_NAME)";
				SWIFT_VERSION = 5.0;
				TARGETED_DEVICE_FAMILY = "1,2";
				TEST_TARGET_NAME = Ejercico_Clase_1;
			};
			name = Release;
		};
/* End XCBuildConfiguration section */

/* Begin XCConfigurationList section */
		33C69ACE25276B1D000FDB28 /* Build configuration list for PBXProject "Ejercico_Clase_1" */ = {
			isa = XCConfigurationList;
			buildConfigurations = (
				33C69AFB25276B25000FDB28 /* Debug */,
				33C69AFC25276B25000FDB28 /* Release */,
			);
			defaultConfigurationIsVisible = 0;
			defaultConfigurationName = Release;
		};
		33C69AFD25276B25000FDB28 /* Build configuration list for PBXNativeTarget "Ejercico_Clase_1" */ = {
			isa = XCConfigurationList;
			buildConfigurations = (
				33C69AFE25276B25000FDB28 /* Debug */,
				33C69AFF25276B25000FDB28 /* Release */,
			);
			defaultConfigurationIsVisible = 0;
			defaultConfigurationName = Release;
		};
		33C69B0025276B25000FDB28 /* Build configuration list for PBXNativeTarget "Ejercico_Clase_1Tests" */ = {
			isa = XCConfigurationList;
			buildConfigurations = (
				33C69B0125276B25000FDB28 /* Debug */,
				33C69B0225276B25000FDB28 /* Release */,
			);
			defaultConfigurationIsVisible = 0;
			defaultConfigurationName = Release;
		};
		33C69B0325276B25000FDB28 /* Build configuration list for PBXNativeTarget "Ejercico_Clase_1UITests" */ = {
			isa = XCConfigurationList;
			buildConfigurations = (
				33C69B0425276B25000FDB28 /* Debug */,
				33C69B0525276B25000FDB28 /* Release */,
			);
			defaultConfigurationIsVisible = 0;
			defaultConfigurationName = Release;
		};
/* End XCConfigurationList section */
	};
	rootObject = 33C69ACB25276B1D000FDB28 /* Project object */;
}
